{
  "version": 4,
  "terraform_version": "1.3.9",
  "serial": 426,
  "lineage": "06043b22-04f7-0f9c-3ed6-5314f75b29df",
  "outputs": {
    "IP": {
      "value": "54.159.86.247",
      "type": "string"
    },
    "elb_dns_name": {
      "value": "apprds-lb-tf-924313309.us-east-1.elb.amazonaws.com",
      "type": "string"
    }
  },
  "resources": [
    {
      "mode": "managed",
      "type": "aws_ami",
      "name": "ami_app",
      "provider": "provider[\"registry.terraform.io/hashicorp/aws\"]",
      "instances": [
        {
          "schema_version": 0,
          "attributes": {
            "architecture": "x86_64",
            "arn": "arn:aws:ec2:us-east-1::image/ami-026f615cc7c560916",
            "boot_mode": "",
            "deprecation_time": "",
            "description": "AMI criada a partir da EC2",
            "ebs_block_device": [
              {
                "delete_on_termination": true,
                "device_name": "/dev/sda1",
                "encrypted": false,
                "iops": 0,
                "outpost_arn": "",
                "snapshot_id": "snap-03be087a772fd79ee",
                "throughput": 0,
                "volume_size": 10,
                "volume_type": "standard"
              }
            ],
            "ena_support": false,
            "ephemeral_block_device": [],
            "hypervisor": "xen",
            "id": "ami-026f615cc7c560916",
            "image_location": "899271280563/ami-app-db",
            "image_owner_alias": "",
            "image_type": "machine",
            "imds_support": "",
            "kernel_id": "",
            "manage_ebs_snapshots": null,
            "name": "ami-app-db",
            "owner_id": "899271280563",
            "platform": "",
            "platform_details": "Linux/UNIX",
            "public": false,
            "ramdisk_id": "",
            "root_device_name": "/dev/sda1",
            "root_snapshot_id": "snap-03be087a772fd79ee",
            "sriov_net_support": "simple",
            "tags": {
              "Name": "ami-app-db"
            },
            "tags_all": {
              "Name": "ami-app-db"
            },
            "timeouts": null,
            "tpm_support": "",
            "usage_operation": "RunInstances",
            "virtualization_type": "paravirtual"
          },
          "sensitive_attributes": [],
          "private": "eyJlMmJmYjczMC1lY2FhLTExZTYtOGY4OC0zNDM2M2JjN2M0YzAiOnsiY3JlYXRlIjoyNDAwMDAwMDAwMDAwLCJkZWxldGUiOjU0MDAwMDAwMDAwMDAsInVwZGF0ZSI6MjQwMDAwMDAwMDAwMH19",
          "dependencies": [
            "aws_ebs_snapshot.ec2_snapshot",
            "aws_instance.terraform",
            "aws_key_pair.key-pair",
            "aws_security_group.public_security_group",
            "aws_subnet.public_subnet",
            "aws_vpc.apprds_vpc"
          ]
        }
      ]
    },
    {
      "mode": "managed",
      "type": "aws_ebs_snapshot",
      "name": "ec2_snapshot",
      "provider": "provider[\"registry.terraform.io/hashicorp/aws\"]",
      "instances": [
        {
          "schema_version": 0,
          "attributes": {
            "arn": "arn:aws:ec2:us-east-1::snapshot/snap-03be087a772fd79ee",
            "data_encryption_key_id": "",
            "description": "",
            "encrypted": false,
            "id": "snap-03be087a772fd79ee",
            "kms_key_id": "",
            "outpost_arn": "",
            "owner_alias": "",
            "owner_id": "899271280563",
            "permanent_restore": null,
            "storage_tier": "standard",
            "tags": null,
            "tags_all": {},
            "temporary_restore_days": null,
            "timeouts": null,
            "volume_id": "vol-067f7b9a2593cc8f7",
            "volume_size": 8
          },
          "sensitive_attributes": [],
          "private": "eyJlMmJmYjczMC1lY2FhLTExZTYtOGY4OC0zNDM2M2JjN2M0YzAiOnsiY3JlYXRlIjo2MDAwMDAwMDAwMDAsImRlbGV0ZSI6NjAwMDAwMDAwMDAwfX0=",
          "dependencies": [
            "aws_instance.terraform",
            "aws_key_pair.key-pair",
            "aws_security_group.public_security_group",
            "aws_subnet.public_subnet",
            "aws_vpc.apprds_vpc"
          ]
        }
      ]
    },
    {
      "mode": "managed",
      "type": "aws_eip",
      "name": "eip",
      "provider": "provider[\"registry.terraform.io/hashicorp/aws\"]",
      "instances": [
        {
          "schema_version": 0,
          "attributes": {
            "address": null,
            "allocation_id": "eipalloc-06dff04ee121a54cc",
            "associate_with_private_ip": null,
            "association_id": "eipassoc-0988b5e40dfc6e417",
            "carrier_ip": "",
            "customer_owned_ip": "",
            "customer_owned_ipv4_pool": "",
            "domain": "vpc",
            "id": "eipalloc-06dff04ee121a54cc",
            "instance": "i-01375b9ff9fd6b3cf",
            "network_border_group": "us-east-1",
            "network_interface": "eni-06ebb2cebfdada081",
            "private_dns": "ip-10-0-1-93.ec2.internal",
            "private_ip": "10.0.1.93",
            "public_dns": "ec2-54-159-86-247.compute-1.amazonaws.com",
            "public_ip": "54.159.86.247",
            "public_ipv4_pool": "amazon",
            "tags": null,
            "tags_all": {},
            "timeouts": null,
            "vpc": true
          },
          "sensitive_attributes": [],
          "private": "eyJlMmJmYjczMC1lY2FhLTExZTYtOGY4OC0zNDM2M2JjN2M0YzAiOnsiZGVsZXRlIjoxODAwMDAwMDAwMDAsInJlYWQiOjkwMDAwMDAwMDAwMCwidXBkYXRlIjozMDAwMDAwMDAwMDB9fQ==",
          "dependencies": [
            "aws_instance.terraform",
            "aws_key_pair.key-pair",
            "aws_security_group.public_security_group",
            "aws_subnet.public_subnet",
            "aws_vpc.apprds_vpc"
          ]
        }
      ]
    },
    {
      "mode": "managed",
      "type": "aws_instance",
      "name": "terraform",
      "provider": "provider[\"registry.terraform.io/hashicorp/aws\"]",
      "instances": [
        {
          "schema_version": 1,
          "attributes": {
            "ami": "ami-053b0d53c279acc90",
            "arn": "arn:aws:ec2:us-east-1:899271280563:instance/i-01375b9ff9fd6b3cf",
            "associate_public_ip_address": true,
            "availability_zone": "us-east-1a",
            "capacity_reservation_specification": [
              {
                "capacity_reservation_preference": "open",
                "capacity_reservation_target": []
              }
            ],
            "cpu_core_count": 1,
            "cpu_options": [
              {
                "amd_sev_snp": "",
                "core_count": 1,
                "threads_per_core": 1
              }
            ],
            "cpu_threads_per_core": 1,
            "credit_specification": [
              {
                "cpu_credits": "standard"
              }
            ],
            "disable_api_stop": false,
            "disable_api_termination": false,
            "ebs_block_device": [],
            "ebs_optimized": false,
            "enclave_options": [
              {
                "enabled": false
              }
            ],
            "ephemeral_block_device": [],
            "get_password_data": false,
            "hibernation": false,
            "host_id": "",
            "host_resource_group_arn": null,
            "iam_instance_profile": "",
            "id": "i-01375b9ff9fd6b3cf",
            "instance_initiated_shutdown_behavior": "stop",
            "instance_lifecycle": "",
            "instance_market_options": [],
            "instance_state": "running",
            "instance_type": "t2.micro",
            "ipv6_address_count": 0,
            "ipv6_addresses": [],
            "key_name": "tf-app-rds",
            "launch_template": [],
            "maintenance_options": [
              {
                "auto_recovery": "default"
              }
            ],
            "metadata_options": [
              {
                "http_endpoint": "enabled",
                "http_put_response_hop_limit": 1,
                "http_tokens": "optional",
                "instance_metadata_tags": "disabled"
              }
            ],
            "monitoring": false,
            "network_interface": [],
            "outpost_arn": "",
            "password_data": "",
            "placement_group": "",
            "placement_partition_number": 0,
            "primary_network_interface_id": "eni-06ebb2cebfdada081",
            "private_dns": "ip-10-0-1-93.ec2.internal",
            "private_dns_name_options": [
              {
                "enable_resource_name_dns_a_record": false,
                "enable_resource_name_dns_aaaa_record": false,
                "hostname_type": "ip-name"
              }
            ],
            "private_ip": "10.0.1.93",
            "public_dns": "",
            "public_ip": "3.237.82.12",
            "root_block_device": [
              {
                "delete_on_termination": true,
                "device_name": "/dev/sda1",
                "encrypted": false,
                "iops": 100,
                "kms_key_id": "",
                "tags": {},
                "throughput": 0,
                "volume_id": "vol-067f7b9a2593cc8f7",
                "volume_size": 8,
                "volume_type": "gp2"
              }
            ],
            "secondary_private_ips": [],
            "security_groups": [],
            "source_dest_check": true,
            "spot_instance_request_id": "",
            "subnet_id": "subnet-0abdc47791aff935b",
            "tags": {
              "Name": "RDS terraform"
            },
            "tags_all": {
              "Name": "RDS terraform"
            },
            "tenancy": "default",
            "timeouts": null,
            "user_data": null,
            "user_data_base64": null,
            "user_data_replace_on_change": false,
            "volume_tags": null,
            "vpc_security_group_ids": [
              "sg-0a77f3c9bed829629"
            ]
          },
          "sensitive_attributes": [],
          "private": "eyJlMmJmYjczMC1lY2FhLTExZTYtOGY4OC0zNDM2M2JjN2M0YzAiOnsiY3JlYXRlIjo2MDAwMDAwMDAwMDAsImRlbGV0ZSI6MTIwMDAwMDAwMDAwMCwidXBkYXRlIjo2MDAwMDAwMDAwMDB9LCJzY2hlbWFfdmVyc2lvbiI6IjEifQ==",
          "dependencies": [
            "aws_key_pair.key-pair",
            "aws_security_group.public_security_group",
            "aws_subnet.public_subnet",
            "aws_vpc.apprds_vpc"
          ]
        }
      ]
    },
    {
      "mode": "managed",
      "type": "aws_internet_gateway",
      "name": "gateway_internet",
      "provider": "provider[\"registry.terraform.io/hashicorp/aws\"]",
      "instances": [
        {
          "schema_version": 0,
          "attributes": {
            "arn": "arn:aws:ec2:us-east-1:899271280563:internet-gateway/igw-0c8d130a972e2c8f1",
            "id": "igw-0c8d130a972e2c8f1",
            "owner_id": "899271280563",
            "tags": {
              "Name": "gateway_internet"
            },
            "tags_all": {
              "Name": "gateway_internet"
            },
            "timeouts": null,
            "vpc_id": "vpc-03c2efa1955f934f5"
          },
          "sensitive_attributes": [],
          "private": "eyJlMmJmYjczMC1lY2FhLTExZTYtOGY4OC0zNDM2M2JjN2M0YzAiOnsiY3JlYXRlIjoxMjAwMDAwMDAwMDAwLCJkZWxldGUiOjEyMDAwMDAwMDAwMDAsInVwZGF0ZSI6MTIwMDAwMDAwMDAwMH19",
          "dependencies": [
            "aws_vpc.apprds_vpc"
          ]
        }
      ]
    },
    {
      "mode": "managed",
      "type": "aws_key_pair",
      "name": "key-pair",
      "provider": "provider[\"registry.terraform.io/hashicorp/aws\"]",
      "instances": [
        {
          "schema_version": 1,
          "attributes": {
            "arn": "arn:aws:ec2:us-east-1:899271280563:key-pair/tf-app-rds",
            "fingerprint": "bc:3a:f0:4c:e5:25:0a:d9:1f:cf:33:6f:24:4f:02:21",
            "id": "tf-app-rds",
            "key_name": "tf-app-rds",
            "key_name_prefix": "",
            "key_pair_id": "key-023276bb2c9b595c1",
            "key_type": "rsa",
            "public_key": "ssh-rsa AAAAB3NzaC1yc2EAAAADAQABAAABgQC7SHlL0f6UJHEI8chOSjBTLVf78FfcMEY2lERPGb6fwkWhkuzNOSSuBi+AUtnuTGr/EI2UGcD6Rc5OjGszrJ8DCVeffpfP/T/Lq5qPQAJV2Lpy44I/6Nvic+mgmM9JcszXzQuvUInhTkYgyGi+gtA7arewW6JKgrRjjmmD8bI7r+e/irQLsZdZjj+mVU33YD2YbwyYUSFT+Vftgto46lfoKSSJYKKNaCEVZd9w3RvAMwEeSwiLb9L9jPf/TtOzhRyQuDmdpt22TuMrqkcrxbuxrI4ApFRFMhSE4E5wdJsjM5rnXj1Rh3MGhon6s5cKkU63mTWYfYWN5TDVRR5JjgN0RQIWqUVl9PtRL2uYU4Px8Sf4+ywrO8xluE4Q3TVY1UJxDlI6HesQeJV/1b9uN2vT2kfumFVZ06Wdd1WLefbbLR55Ni6S9HNtj2sljPdaGNMseiSl+1X7vdqPQtgWoEaejcezOtnD2qBpdYaar0LiKr1BBJVa1YA8aOlD5h3Wuxc= lucas gabriel@DESKTOP-LL9TG6F",
            "tags": null,
            "tags_all": {}
          },
          "sensitive_attributes": [],
          "private": "eyJzY2hlbWFfdmVyc2lvbiI6IjEifQ=="
        }
      ]
    },
    {
      "mode": "managed",
      "type": "aws_launch_template",
      "name": "example",
      "provider": "provider[\"registry.terraform.io/hashicorp/aws\"]",
      "instances": [
        {
          "schema_version": 0,
          "attributes": {
            "arn": "arn:aws:ec2:us-east-1:899271280563:launch-template/lt-0ffa53255e36bd1ad",
            "block_device_mappings": [],
            "capacity_reservation_specification": [],
            "cpu_options": [],
            "credit_specification": [],
            "default_version": 1,
            "description": "",
            "disable_api_stop": false,
            "disable_api_termination": false,
            "ebs_optimized": "",
            "elastic_gpu_specifications": [],
            "elastic_inference_accelerator": [],
            "enclave_options": [],
            "hibernation_options": [],
            "iam_instance_profile": [],
            "id": "lt-0ffa53255e36bd1ad",
            "image_id": "ami-026f615cc7c560916",
            "instance_initiated_shutdown_behavior": "",
            "instance_market_options": [],
            "instance_requirements": [],
            "instance_type": "t2.micro",
            "kernel_id": "",
            "key_name": "-----BEGIN RSA PRIVATE KEY-----\nMIIG4wIBAAKCAYEAu0h5S9H+lCRxCPHITkowUy1X+/BX3DBGNpRETxm+n8JFoZLs\nzTkkrgYvgFLZ7kxq/xCNlBnA+kXOToxrM6yfAwlXn36Xz/0/y6uaj0ACVdi6cuOC\nP+jb4nPpoJjPSXLM180Lr1CJ4U5GIMhovoLQO2q3sFuiSoK0Y45pg/GyO6/nv4q0\nC7GXWY4/plVN92A9mG8MmFEhU/lX7YLaOOpX6CkkiWCijWghFWXfcN0bwDMBHksI\ni2/S/Yz3/07Ts4UckLg5nabdtk7jK6pHK8W7sayOAKRURTIUhOBOcHSbIzOa5149\nUYdzBoaJ+rOXCpFOt5k1mH2FjeUw1UUeSY4DdEUCFqlFZfT7US9rmFOD8fEn+Pss\nKzvMZbhOEN01WNVCcQ5SOh3rEHiVf9W/bjdr09pH7phVWdOlnXdVi3n22y0eeTYu\nkvRzbY9rJYz3WhjTLHokpftV+73aj0LYFqBGno3HszrZw9qgaXWGmq9C4iq9QQSV\nWtWAPGjpQ+Yd1rsXAgMBAAECggGADS09M4Nz2PJzbYCtaiy4F7ISBazUUa6n0gE+\niR4zlkPx6DtRI+NIXGIdB3dM1AJWaNm+TFQ/ipxMtqQUis8zZOBMZPFgNwcHbQoG\n1ttXDrkv7RNqv5pfliA3qM/3jaBhHzHTB6Ov/8UlE/tluzmy8utAP01DLuDhVjvX\n2quvsZlfwc89ebEmB+wFOGu6D5Sa4NW3WiQjJyhc8l4JgoWiZ7g1VOESrsZLxZik\nTumPoUc1Ze87i6vzeVlovXLLXE8aI5dJCAlqrAXXS20rOcJVK4x1V/D68O9f9pfY\nXuYUQCT5IZ8+qNWewxH+5va8doibbTjjeAfOBo/8yZF5afCQCFod0CHYqTWL5/n2\ngw16U3g4nFNuEziCMO3JcB08Gy+GrLRqDKY5vIZbNCfunDeJTnCdnZnNjoTkJ383\nfxNHRXfPumqk2ib5ttsW3G0yoyepvpuAlmGVRdo/FBhJxGsljqMGl0OYm9chn6VO\nrNhrMrX6G5T5A/DJMf82HHrGFsCRAoHBAN80DXebnDDkIXwUoGmRrT5dAh2a8DIe\nQFW/kMec16Yr/tySDwcZEk5/iIEz2OB2FmzvsFaYs6los5PSRq+wXxzfOozRhMYE\nsjSO3MAmja3y6ofvhMXYu+S1AeWmAhxazeILFdQND9OiRSkOZ16dRCF4bPMd6aYv\nXo+e0AxcfgtTvyQilCrOudtvzlIBOq5CZvEVUlA+vJrqu4zp61etuqUPSqgen8Ss\nNKkxTh+zGqE4E7wvGTHcFfv+UlueCNp76QKBwQDWzUHIhj9jE9ngo1QYHcwOSTkk\nCC0POqR+pG9V+57xuBcms/VvOZnryO/EIxzdmMBhExSAgSjQxrMF6tIU5ep3ly68\nN8HJn0bAQAnDd6uKFXFSZYR+ZNF3E30kdd6LuZawtT6r5N0VacnXr+2Cy/uBMkWt\nulCXIqhp4Fmet9omybR8h7weUO0oXrLIjLuYxxrhjLqwqwTIums35zqLfFjoo6x/\nFHX9MnK0DllW5GR8LWlrH7yfdrb903WrGwYwHv8CgcAkfiMxigyYZcQfwFOVzw6P\nIq/E3V8mIpIMMvzd1gPgFFNgBrVUSMIYeXt8/FgaItR5zRp8ngzJxueNZJTQBrsW\nQl0VRvA5W+0y8KSg+eyyIwQ7Y2rG2i+mLf34aRLxRdtheMSB3fzXcjFyi/tUmcvY\n2RKfESXxWM9SFfoX+0tUWMXoh4rIEPKMMRR/jdnlQdAI3J6PpiI6BeTSHjCvLiVU\n9VIUeKVQh4M4omoOfr782ulHHEA3Sa+CestGVWlHJ3kCgcAjClrX3maKwBtD1QEL\n6hh2oCVNJnRLTrK04hgze5ejMPe93Y+FNG1SlHXgliXIVHnVnCo1CFzjKfbcWUEq\nHZORLL14ANSBEpWVGR0+oM//952D5oGlqMau2SQKBZxnSMA3VWnC2tPiAV7m65Eg\nTCxcGBpby9AHx6SXmPylsrJIr5Dc27upamQ1uLULmEGmG5zb/HwcA9oE8Lw642Ke\njItocALcvDa/NjKWAt06Gon14+aVjhjUHqadY5iHcCIjSXsCgcEAhs4k/cw8cJls\n7ZB798JeFCXDBP3Yogf46k+oPRY4iZ8Tt1JlqlCtSbEGa8+HFn2jnDiquq6tgIik\n8PvVrghPEFCurjsPHSq0xVXiwIDp2FTLtKNOnVIKI6iY19IVfF7XMTzA6LN3oUbg\n917XhOh7HOlPUJXGUEG8kO7fR8HhHZ/C3QSFXyeD26ki8/f1qwYcVi6ibAeiey+d\nON2QArh61guMfgJ9Yl94O+9/VUy0SLXCIIMCT+BYk4hqUaR/KlsL\n-----END RSA PRIVATE KEY-----",
            "latest_version": 1,
            "license_specification": [],
            "maintenance_options": [],
            "metadata_options": [],
            "monitoring": [],
            "name": "example-launch-template20230613172145054000000004",
            "name_prefix": "example-launch-template",
            "network_interfaces": [],
            "placement": [],
            "private_dns_name_options": [],
            "ram_disk_id": "",
            "security_group_names": null,
            "tag_specifications": [],
            "tags": null,
            "tags_all": {},
            "update_default_version": null,
            "user_data": "",
            "vpc_security_group_ids": null
          },
          "sensitive_attributes": [],
          "private": "bnVsbA==",
          "dependencies": [
            "aws_ami.ami_app",
            "aws_ebs_snapshot.ec2_snapshot",
            "aws_instance.terraform",
            "aws_key_pair.key-pair",
            "aws_security_group.public_security_group",
            "aws_subnet.public_subnet",
            "aws_vpc.apprds_vpc"
          ]
        }
      ]
    },
    {
      "mode": "managed",
      "type": "aws_lb",
      "name": "example",
      "provider": "provider[\"registry.terraform.io/hashicorp/aws\"]",
      "instances": [
        {
          "schema_version": 0,
          "attributes": {
            "access_logs": [
              {
                "bucket": "",
                "enabled": false,
                "prefix": ""
              }
            ],
            "arn": "arn:aws:elasticloadbalancing:us-east-1:899271280563:loadbalancer/app/apprds-lb-tf/a66907539f060ea3",
            "arn_suffix": "app/apprds-lb-tf/a66907539f060ea3",
            "customer_owned_ipv4_pool": "",
            "desync_mitigation_mode": "defensive",
            "dns_name": "apprds-lb-tf-924313309.us-east-1.elb.amazonaws.com",
            "drop_invalid_header_fields": false,
            "enable_cross_zone_load_balancing": true,
            "enable_deletion_protection": false,
            "enable_http2": true,
            "enable_tls_version_and_cipher_suite_headers": false,
            "enable_waf_fail_open": false,
            "enable_xff_client_port": false,
            "id": "arn:aws:elasticloadbalancing:us-east-1:899271280563:loadbalancer/app/apprds-lb-tf/a66907539f060ea3",
            "idle_timeout": 60,
            "internal": false,
            "ip_address_type": "ipv4",
            "load_balancer_type": "application",
            "name": "apprds-lb-tf",
            "name_prefix": null,
            "preserve_host_header": false,
            "security_groups": [
              "sg-0857e40a1a1786f33"
            ],
            "subnet_mapping": [
              {
                "allocation_id": "",
                "ipv6_address": "",
                "outpost_id": "",
                "private_ipv4_address": "",
                "subnet_id": "subnet-0abdc47791aff935b"
              },
              {
                "allocation_id": "",
                "ipv6_address": "",
                "outpost_id": "",
                "private_ipv4_address": "",
                "subnet_id": "subnet-0b0bb9166bc1ea688"
              }
            ],
            "subnets": [
              "subnet-0abdc47791aff935b",
              "subnet-0b0bb9166bc1ea688"
            ],
            "tags": {
              "Name": "app-db-elb"
            },
            "tags_all": {
              "Name": "app-db-elb"
            },
            "timeouts": null,
            "vpc_id": "vpc-03c2efa1955f934f5",
            "xff_header_processing_mode": "append",
            "zone_id": "Z35SXDOTRQ7X7K"
          },
          "sensitive_attributes": [],
          "private": "eyJlMmJmYjczMC1lY2FhLTExZTYtOGY4OC0zNDM2M2JjN2M0YzAiOnsiY3JlYXRlIjo2MDAwMDAwMDAwMDAsImRlbGV0ZSI6NjAwMDAwMDAwMDAwLCJ1cGRhdGUiOjYwMDAwMDAwMDAwMH19",
          "dependencies": [
            "aws_security_group.elb_sg",
            "aws_subnet.public_subnet",
            "aws_subnet.public_subnet_b",
            "aws_vpc.apprds_vpc"
          ]
        }
      ]
    },
    {
      "mode": "managed",
      "type": "aws_lb_listener",
      "name": "example",
      "provider": "provider[\"registry.terraform.io/hashicorp/aws\"]",
      "instances": [
        {
          "schema_version": 0,
          "attributes": {
            "alpn_policy": null,
            "arn": "arn:aws:elasticloadbalancing:us-east-1:899271280563:listener/app/apprds-lb-tf/a66907539f060ea3/2d7f2fc81d9b0bca",
            "certificate_arn": null,
            "default_action": [
              {
                "authenticate_cognito": [],
                "authenticate_oidc": [],
                "fixed_response": [],
                "forward": [],
                "order": 1,
                "redirect": [],
                "target_group_arn": "arn:aws:elasticloadbalancing:us-east-1:899271280563:targetgroup/example-target-group/2e61bb1c47597984",
                "type": "forward"
              }
            ],
            "id": "arn:aws:elasticloadbalancing:us-east-1:899271280563:listener/app/apprds-lb-tf/a66907539f060ea3/2d7f2fc81d9b0bca",
            "load_balancer_arn": "arn:aws:elasticloadbalancing:us-east-1:899271280563:loadbalancer/app/apprds-lb-tf/a66907539f060ea3",
            "port": 80,
            "protocol": "HTTP",
            "ssl_policy": "",
            "tags": null,
            "tags_all": {},
            "timeouts": null
          },
          "sensitive_attributes": [],
          "private": "eyJlMmJmYjczMC1lY2FhLTExZTYtOGY4OC0zNDM2M2JjN2M0YzAiOnsicmVhZCI6NjAwMDAwMDAwMDAwfX0=",
          "dependencies": [
            "aws_lb.example",
            "aws_lb_target_group.example",
            "aws_security_group.elb_sg",
            "aws_subnet.public_subnet",
            "aws_subnet.public_subnet_b",
            "aws_vpc.apprds_vpc"
          ]
        }
      ]
    },
    {
      "mode": "managed",
      "type": "aws_lb_target_group",
      "name": "example",
      "provider": "provider[\"registry.terraform.io/hashicorp/aws\"]",
      "instances": [
        {
          "schema_version": 0,
          "attributes": {
            "arn": "arn:aws:elasticloadbalancing:us-east-1:899271280563:targetgroup/example-target-group/2e61bb1c47597984",
            "arn_suffix": "targetgroup/example-target-group/2e61bb1c47597984",
            "connection_termination": false,
            "deregistration_delay": "300",
            "health_check": [
              {
                "enabled": true,
                "healthy_threshold": 3,
                "interval": 30,
                "matcher": "200",
                "path": "/health",
                "port": "traffic-port",
                "protocol": "HTTP",
                "timeout": 5,
                "unhealthy_threshold": 3
              }
            ],
            "id": "arn:aws:elasticloadbalancing:us-east-1:899271280563:targetgroup/example-target-group/2e61bb1c47597984",
            "ip_address_type": "ipv4",
            "lambda_multi_value_headers_enabled": false,
            "load_balancing_algorithm_type": "round_robin",
            "load_balancing_cross_zone_enabled": "use_load_balancer_configuration",
            "name": "example-target-group",
            "name_prefix": null,
            "port": 80,
            "preserve_client_ip": null,
            "protocol": "HTTP",
            "protocol_version": "HTTP1",
            "proxy_protocol_v2": false,
            "slow_start": 0,
            "stickiness": [
              {
                "cookie_duration": 86400,
                "cookie_name": "",
                "enabled": false,
                "type": "lb_cookie"
              }
            ],
            "tags": null,
            "tags_all": {},
            "target_failover": [
              {
                "on_deregistration": null,
                "on_unhealthy": null
              }
            ],
            "target_type": "instance",
            "vpc_id": "vpc-03c2efa1955f934f5"
          },
          "sensitive_attributes": [],
          "private": "bnVsbA==",
          "dependencies": [
            "aws_vpc.apprds_vpc"
          ]
        }
      ]
    },
    {
      "mode": "managed",
      "type": "aws_lb_target_group_attachment",
      "name": "example_attachment",
      "provider": "provider[\"registry.terraform.io/hashicorp/aws\"]",
      "instances": [
        {
          "schema_version": 0,
          "attributes": {
            "availability_zone": null,
            "id": "arn:aws:elasticloadbalancing:us-east-1:899271280563:targetgroup/example-target-group/2e61bb1c47597984-20230613172052442700000003",
            "port": 80,
            "target_group_arn": "arn:aws:elasticloadbalancing:us-east-1:899271280563:targetgroup/example-target-group/2e61bb1c47597984",
            "target_id": "i-01375b9ff9fd6b3cf"
          },
          "sensitive_attributes": [],
          "private": "bnVsbA==",
          "dependencies": [
            "aws_instance.terraform",
            "aws_key_pair.key-pair",
            "aws_lb_target_group.example",
            "aws_security_group.public_security_group",
            "aws_subnet.public_subnet",
            "aws_vpc.apprds_vpc"
          ]
        }
      ]
    },
    {
      "mode": "managed",
      "type": "aws_route_table",
      "name": "public_route_table",
      "provider": "provider[\"registry.terraform.io/hashicorp/aws\"]",
      "instances": [
        {
          "schema_version": 0,
          "attributes": {
            "arn": "arn:aws:ec2:us-east-1:899271280563:route-table/rtb-041f362ddeed88136",
            "id": "rtb-041f362ddeed88136",
            "owner_id": "899271280563",
            "propagating_vgws": [],
            "route": [
              {
                "carrier_gateway_id": "",
                "cidr_block": "0.0.0.0/0",
                "core_network_arn": "",
                "destination_prefix_list_id": "",
                "egress_only_gateway_id": "",
                "gateway_id": "igw-0c8d130a972e2c8f1",
                "ipv6_cidr_block": "",
                "local_gateway_id": "",
                "nat_gateway_id": "",
                "network_interface_id": "",
                "transit_gateway_id": "",
                "vpc_endpoint_id": "",
                "vpc_peering_connection_id": ""
              }
            ],
            "tags": {
              "Name": "public_route_table"
            },
            "tags_all": {
              "Name": "public_route_table"
            },
            "timeouts": null,
            "vpc_id": "vpc-03c2efa1955f934f5"
          },
          "sensitive_attributes": [],
          "private": "eyJlMmJmYjczMC1lY2FhLTExZTYtOGY4OC0zNDM2M2JjN2M0YzAiOnsiY3JlYXRlIjozMDAwMDAwMDAwMDAsImRlbGV0ZSI6MzAwMDAwMDAwMDAwLCJ1cGRhdGUiOjEyMDAwMDAwMDAwMH19",
          "dependencies": [
            "aws_internet_gateway.gateway_internet",
            "aws_vpc.apprds_vpc"
          ]
        }
      ]
    },
    {
      "mode": "managed",
      "type": "aws_route_table_association",
      "name": "public_association",
      "provider": "provider[\"registry.terraform.io/hashicorp/aws\"]",
      "instances": [
        {
          "schema_version": 0,
          "attributes": {
            "gateway_id": "",
            "id": "rtbassoc-0c785c208332163b6",
            "route_table_id": "rtb-041f362ddeed88136",
            "subnet_id": "subnet-0abdc47791aff935b",
            "timeouts": null
          },
          "sensitive_attributes": [],
          "private": "eyJlMmJmYjczMC1lY2FhLTExZTYtOGY4OC0zNDM2M2JjN2M0YzAiOnsiY3JlYXRlIjozMDAwMDAwMDAwMDAsImRlbGV0ZSI6MzAwMDAwMDAwMDAwLCJ1cGRhdGUiOjEyMDAwMDAwMDAwMH19",
          "dependencies": [
            "aws_internet_gateway.gateway_internet",
            "aws_route_table.public_route_table",
            "aws_subnet.public_subnet",
            "aws_vpc.apprds_vpc"
          ]
        }
      ]
    },
    {
      "mode": "managed",
      "type": "aws_route_table_association",
      "name": "public_association_b",
      "provider": "provider[\"registry.terraform.io/hashicorp/aws\"]",
      "instances": [
        {
          "schema_version": 0,
          "attributes": {
            "gateway_id": "",
            "id": "rtbassoc-02b77c9c3e78e63cb",
            "route_table_id": "rtb-041f362ddeed88136",
            "subnet_id": "subnet-0b0bb9166bc1ea688",
            "timeouts": null
          },
          "sensitive_attributes": [],
          "private": "eyJlMmJmYjczMC1lY2FhLTExZTYtOGY4OC0zNDM2M2JjN2M0YzAiOnsiY3JlYXRlIjozMDAwMDAwMDAwMDAsImRlbGV0ZSI6MzAwMDAwMDAwMDAwLCJ1cGRhdGUiOjEyMDAwMDAwMDAwMH19",
          "dependencies": [
            "aws_internet_gateway.gateway_internet",
            "aws_route_table.public_route_table",
            "aws_subnet.public_subnet_b",
            "aws_vpc.apprds_vpc"
          ]
        }
      ]
    },
    {
      "mode": "managed",
      "type": "aws_security_group",
      "name": "asg_sg",
      "provider": "provider[\"registry.terraform.io/hashicorp/aws\"]",
      "instances": [
        {
          "schema_version": 1,
          "attributes": {
            "arn": "arn:aws:ec2:us-east-1:899271280563:security-group/sg-0500edec5fe07017e",
            "description": "Grupo de Seguranca do ASG",
            "egress": [
              {
                "cidr_blocks": [
                  "0.0.0.0/0"
                ],
                "description": "",
                "from_port": 0,
                "ipv6_cidr_blocks": [],
                "prefix_list_ids": [],
                "protocol": "-1",
                "security_groups": [],
                "self": false,
                "to_port": 0
              }
            ],
            "id": "sg-0500edec5fe07017e",
            "ingress": [
              {
                "cidr_blocks": [
                  "0.0.0.0/0"
                ],
                "description": "Trafego HTTP",
                "from_port": 80,
                "ipv6_cidr_blocks": [],
                "prefix_list_ids": [],
                "protocol": "tcp",
                "security_groups": [],
                "self": false,
                "to_port": 80
              },
              {
                "cidr_blocks": [
                  "0.0.0.0/0"
                ],
                "description": "Trafego HTTPS",
                "from_port": 443,
                "ipv6_cidr_blocks": [],
                "prefix_list_ids": [],
                "protocol": "tcp",
                "security_groups": [],
                "self": false,
                "to_port": 443
              }
            ],
            "name": "asg_sg",
            "name_prefix": "",
            "owner_id": "899271280563",
            "revoke_rules_on_delete": false,
            "tags": {
              "Name": "asg_sg"
            },
            "tags_all": {
              "Name": "asg_sg"
            },
            "timeouts": null,
            "vpc_id": "vpc-03c2efa1955f934f5"
          },
          "sensitive_attributes": [],
          "private": "eyJlMmJmYjczMC1lY2FhLTExZTYtOGY4OC0zNDM2M2JjN2M0YzAiOnsiY3JlYXRlIjo2MDAwMDAwMDAwMDAsImRlbGV0ZSI6OTAwMDAwMDAwMDAwfSwic2NoZW1hX3ZlcnNpb24iOiIxIn0=",
          "dependencies": [
            "aws_vpc.apprds_vpc"
          ]
        }
      ]
    },
    {
      "mode": "managed",
      "type": "aws_security_group",
      "name": "elb_sg",
      "provider": "provider[\"registry.terraform.io/hashicorp/aws\"]",
      "instances": [
        {
          "schema_version": 1,
          "attributes": {
            "arn": "arn:aws:ec2:us-east-1:899271280563:security-group/sg-0857e40a1a1786f33",
            "description": "Acesso a partir do ELB",
            "egress": [
              {
                "cidr_blocks": [
                  "0.0.0.0/0"
                ],
                "description": "",
                "from_port": 0,
                "ipv6_cidr_blocks": [],
                "prefix_list_ids": [],
                "protocol": "-1",
                "security_groups": [],
                "self": false,
                "to_port": 0
              }
            ],
            "id": "sg-0857e40a1a1786f33",
            "ingress": [
              {
                "cidr_blocks": [
                  "0.0.0.0/0"
                ],
                "description": "Trafego HTTP",
                "from_port": 80,
                "ipv6_cidr_blocks": [],
                "prefix_list_ids": [],
                "protocol": "tcp",
                "security_groups": [],
                "self": false,
                "to_port": 80
              },
              {
                "cidr_blocks": [
                  "0.0.0.0/0"
                ],
                "description": "Trafego HTTPS",
                "from_port": 443,
                "ipv6_cidr_blocks": [],
                "prefix_list_ids": [],
                "protocol": "tcp",
                "security_groups": [],
                "self": false,
                "to_port": 443
              }
            ],
            "name": "elb_sg",
            "name_prefix": "",
            "owner_id": "899271280563",
            "revoke_rules_on_delete": false,
            "tags": {
              "Name": "elb_sg"
            },
            "tags_all": {
              "Name": "elb_sg"
            },
            "timeouts": null,
            "vpc_id": "vpc-03c2efa1955f934f5"
          },
          "sensitive_attributes": [],
          "private": "eyJlMmJmYjczMC1lY2FhLTExZTYtOGY4OC0zNDM2M2JjN2M0YzAiOnsiY3JlYXRlIjo2MDAwMDAwMDAwMDAsImRlbGV0ZSI6OTAwMDAwMDAwMDAwfSwic2NoZW1hX3ZlcnNpb24iOiIxIn0=",
          "dependencies": [
            "aws_vpc.apprds_vpc"
          ]
        }
      ]
    },
    {
      "mode": "managed",
      "type": "aws_security_group",
      "name": "public_security_group",
      "provider": "provider[\"registry.terraform.io/hashicorp/aws\"]",
      "instances": [
        {
          "schema_version": 1,
          "attributes": {
            "arn": "arn:aws:ec2:us-east-1:899271280563:security-group/sg-0a77f3c9bed829629",
            "description": "Managed by Terraform",
            "egress": [
              {
                "cidr_blocks": [
                  "0.0.0.0/0"
                ],
                "description": "",
                "from_port": 0,
                "ipv6_cidr_blocks": [],
                "prefix_list_ids": [],
                "protocol": "-1",
                "security_groups": [],
                "self": false,
                "to_port": 0
              }
            ],
            "id": "sg-0a77f3c9bed829629",
            "ingress": [
              {
                "cidr_blocks": [
                  "0.0.0.0/0"
                ],
                "description": "HTTP",
                "from_port": 80,
                "ipv6_cidr_blocks": [],
                "prefix_list_ids": [],
                "protocol": "tcp",
                "security_groups": [],
                "self": false,
                "to_port": 80
              },
              {
                "cidr_blocks": [
                  "0.0.0.0/0"
                ],
                "description": "HTTPS",
                "from_port": 443,
                "ipv6_cidr_blocks": [],
                "prefix_list_ids": [],
                "protocol": "tcp",
                "security_groups": [],
                "self": false,
                "to_port": 443
              },
              {
                "cidr_blocks": [
                  "170.82.180.128/32"
                ],
                "description": "SSH",
                "from_port": 22,
                "ipv6_cidr_blocks": [],
                "prefix_list_ids": [],
                "protocol": "tcp",
                "security_groups": [],
                "self": false,
                "to_port": 22
              }
            ],
            "name": "public_security_group20230613171939873900000001",
            "name_prefix": "public_security_group",
            "owner_id": "899271280563",
            "revoke_rules_on_delete": false,
            "tags": {
              "Name": "public_security_group"
            },
            "tags_all": {
              "Name": "public_security_group"
            },
            "timeouts": null,
            "vpc_id": "vpc-03c2efa1955f934f5"
          },
          "sensitive_attributes": [],
          "private": "eyJlMmJmYjczMC1lY2FhLTExZTYtOGY4OC0zNDM2M2JjN2M0YzAiOnsiY3JlYXRlIjo2MDAwMDAwMDAwMDAsImRlbGV0ZSI6OTAwMDAwMDAwMDAwfSwic2NoZW1hX3ZlcnNpb24iOiIxIn0=",
          "dependencies": [
            "aws_vpc.apprds_vpc"
          ]
        }
      ]
    },
    {
      "mode": "managed",
      "type": "aws_subnet",
      "name": "private_subnet",
      "provider": "provider[\"registry.terraform.io/hashicorp/aws\"]",
      "instances": [
        {
          "schema_version": 1,
          "attributes": {
            "arn": "arn:aws:ec2:us-east-1:899271280563:subnet/subnet-09dd08399535bbbfa",
            "assign_ipv6_address_on_creation": false,
            "availability_zone": "us-east-1a",
            "availability_zone_id": "use1-az1",
            "cidr_block": "10.0.3.0/24",
            "customer_owned_ipv4_pool": "",
            "enable_dns64": false,
            "enable_lni_at_device_index": 0,
            "enable_resource_name_dns_a_record_on_launch": false,
            "enable_resource_name_dns_aaaa_record_on_launch": false,
            "id": "subnet-09dd08399535bbbfa",
            "ipv6_cidr_block": "",
            "ipv6_cidr_block_association_id": "",
            "ipv6_native": false,
            "map_customer_owned_ip_on_launch": false,
            "map_public_ip_on_launch": false,
            "outpost_arn": "",
            "owner_id": "899271280563",
            "private_dns_hostname_type_on_launch": "ip-name",
            "tags": {
              "Name": "private_subnet_a"
            },
            "tags_all": {
              "Name": "private_subnet_a"
            },
            "timeouts": null,
            "vpc_id": "vpc-03c2efa1955f934f5"
          },
          "sensitive_attributes": [],
          "private": "eyJlMmJmYjczMC1lY2FhLTExZTYtOGY4OC0zNDM2M2JjN2M0YzAiOnsiY3JlYXRlIjo2MDAwMDAwMDAwMDAsImRlbGV0ZSI6MTIwMDAwMDAwMDAwMH0sInNjaGVtYV92ZXJzaW9uIjoiMSJ9",
          "dependencies": [
            "aws_vpc.apprds_vpc"
          ]
        }
      ]
    },
    {
      "mode": "managed",
      "type": "aws_subnet",
      "name": "private_subnet_b",
      "provider": "provider[\"registry.terraform.io/hashicorp/aws\"]",
      "instances": [
        {
          "schema_version": 1,
          "attributes": {
            "arn": "arn:aws:ec2:us-east-1:899271280563:subnet/subnet-0f3d5662e68193969",
            "assign_ipv6_address_on_creation": false,
            "availability_zone": "us-east-1b",
            "availability_zone_id": "use1-az2",
            "cidr_block": "10.0.4.0/24",
            "customer_owned_ipv4_pool": "",
            "enable_dns64": false,
            "enable_lni_at_device_index": 0,
            "enable_resource_name_dns_a_record_on_launch": false,
            "enable_resource_name_dns_aaaa_record_on_launch": false,
            "id": "subnet-0f3d5662e68193969",
            "ipv6_cidr_block": "",
            "ipv6_cidr_block_association_id": "",
            "ipv6_native": false,
            "map_customer_owned_ip_on_launch": false,
            "map_public_ip_on_launch": false,
            "outpost_arn": "",
            "owner_id": "899271280563",
            "private_dns_hostname_type_on_launch": "ip-name",
            "tags": {
              "Name": "private_subnet_b"
            },
            "tags_all": {
              "Name": "private_subnet_b"
            },
            "timeouts": null,
            "vpc_id": "vpc-03c2efa1955f934f5"
          },
          "sensitive_attributes": [],
          "private": "eyJlMmJmYjczMC1lY2FhLTExZTYtOGY4OC0zNDM2M2JjN2M0YzAiOnsiY3JlYXRlIjo2MDAwMDAwMDAwMDAsImRlbGV0ZSI6MTIwMDAwMDAwMDAwMH0sInNjaGVtYV92ZXJzaW9uIjoiMSJ9",
          "dependencies": [
            "aws_vpc.apprds_vpc"
          ]
        }
      ]
    },
    {
      "mode": "managed",
      "type": "aws_subnet",
      "name": "public_subnet",
      "provider": "provider[\"registry.terraform.io/hashicorp/aws\"]",
      "instances": [
        {
          "schema_version": 1,
          "attributes": {
            "arn": "arn:aws:ec2:us-east-1:899271280563:subnet/subnet-0abdc47791aff935b",
            "assign_ipv6_address_on_creation": false,
            "availability_zone": "us-east-1a",
            "availability_zone_id": "use1-az1",
            "cidr_block": "10.0.1.0/24",
            "customer_owned_ipv4_pool": "",
            "enable_dns64": false,
            "enable_lni_at_device_index": 0,
            "enable_resource_name_dns_a_record_on_launch": false,
            "enable_resource_name_dns_aaaa_record_on_launch": false,
            "id": "subnet-0abdc47791aff935b",
            "ipv6_cidr_block": "",
            "ipv6_cidr_block_association_id": "",
            "ipv6_native": false,
            "map_customer_owned_ip_on_launch": false,
            "map_public_ip_on_launch": false,
            "outpost_arn": "",
            "owner_id": "899271280563",
            "private_dns_hostname_type_on_launch": "ip-name",
            "tags": {
              "Name": "public_subnet_a"
            },
            "tags_all": {
              "Name": "public_subnet_a"
            },
            "timeouts": null,
            "vpc_id": "vpc-03c2efa1955f934f5"
          },
          "sensitive_attributes": [],
          "private": "eyJlMmJmYjczMC1lY2FhLTExZTYtOGY4OC0zNDM2M2JjN2M0YzAiOnsiY3JlYXRlIjo2MDAwMDAwMDAwMDAsImRlbGV0ZSI6MTIwMDAwMDAwMDAwMH0sInNjaGVtYV92ZXJzaW9uIjoiMSJ9",
          "dependencies": [
            "aws_vpc.apprds_vpc"
          ]
        }
      ]
    },
    {
      "mode": "managed",
      "type": "aws_subnet",
      "name": "public_subnet_b",
      "provider": "provider[\"registry.terraform.io/hashicorp/aws\"]",
      "instances": [
        {
          "schema_version": 1,
          "attributes": {
            "arn": "arn:aws:ec2:us-east-1:899271280563:subnet/subnet-0b0bb9166bc1ea688",
            "assign_ipv6_address_on_creation": false,
            "availability_zone": "us-east-1b",
            "availability_zone_id": "use1-az2",
            "cidr_block": "10.0.2.0/24",
            "customer_owned_ipv4_pool": "",
            "enable_dns64": false,
            "enable_lni_at_device_index": 0,
            "enable_resource_name_dns_a_record_on_launch": false,
            "enable_resource_name_dns_aaaa_record_on_launch": false,
            "id": "subnet-0b0bb9166bc1ea688",
            "ipv6_cidr_block": "",
            "ipv6_cidr_block_association_id": "",
            "ipv6_native": false,
            "map_customer_owned_ip_on_launch": false,
            "map_public_ip_on_launch": false,
            "outpost_arn": "",
            "owner_id": "899271280563",
            "private_dns_hostname_type_on_launch": "ip-name",
            "tags": {
              "Name": "public_subnet_b"
            },
            "tags_all": {
              "Name": "public_subnet_b"
            },
            "timeouts": null,
            "vpc_id": "vpc-03c2efa1955f934f5"
          },
          "sensitive_attributes": [],
          "private": "eyJlMmJmYjczMC1lY2FhLTExZTYtOGY4OC0zNDM2M2JjN2M0YzAiOnsiY3JlYXRlIjo2MDAwMDAwMDAwMDAsImRlbGV0ZSI6MTIwMDAwMDAwMDAwMH0sInNjaGVtYV92ZXJzaW9uIjoiMSJ9",
          "dependencies": [
            "aws_vpc.apprds_vpc"
          ]
        }
      ]
    },
    {
      "mode": "managed",
      "type": "aws_vpc",
      "name": "apprds_vpc",
      "provider": "provider[\"registry.terraform.io/hashicorp/aws\"]",
      "instances": [
        {
          "schema_version": 1,
          "attributes": {
            "arn": "arn:aws:ec2:us-east-1:899271280563:vpc/vpc-03c2efa1955f934f5",
            "assign_generated_ipv6_cidr_block": false,
            "cidr_block": "10.0.0.0/16",
            "default_network_acl_id": "acl-0d360b9843b2f7703",
            "default_route_table_id": "rtb-0d0ac91bdecb0b6ab",
            "default_security_group_id": "sg-0bf313a422ebcbbc5",
            "dhcp_options_id": "dopt-0bb45ff67a545336a",
            "enable_dns_hostnames": false,
            "enable_dns_support": true,
            "enable_network_address_usage_metrics": false,
            "id": "vpc-03c2efa1955f934f5",
            "instance_tenancy": "default",
            "ipv4_ipam_pool_id": null,
            "ipv4_netmask_length": null,
            "ipv6_association_id": "",
            "ipv6_cidr_block": "",
            "ipv6_cidr_block_network_border_group": "",
            "ipv6_ipam_pool_id": "",
            "ipv6_netmask_length": 0,
            "main_route_table_id": "rtb-0d0ac91bdecb0b6ab",
            "owner_id": "899271280563",
            "tags": {
              "Name": "VPC app-rds"
            },
            "tags_all": {
              "Name": "VPC app-rds"
            }
          },
          "sensitive_attributes": [],
          "private": "eyJzY2hlbWFfdmVyc2lvbiI6IjEifQ=="
        }
      ]
    }
  ],
  "check_results": null
}
